
Microsoft Visual Studio Solution File, Format Version 12.00
# Visual Studio Version 17
VisualStudioVersion = 17.8.34525.116
MinimumVisualStudioVersion = 10.0.40219.1
Project("{FAE04EC0-301F-11D3-BF4B-00C04F79EFBC}") = "Actividad 14524", "Actividad 14524\Actividad 14524.csproj", "{BB5D5E67-5E1E-401C-BA25-B2C928465CB9}"
EndProject
Global
	GlobalSection(SolutionConfigurationPlatforms) = preSolution
		Debug|Any CPU = Debug|Any CPU
		Release|Any CPU = Release|Any CPU
	EndGlobalSection
	GlobalSection(ProjectConfigurationPlatforms) = postSolution
		{BB5D5E67-5E1E-401C-BA25-B2C928465CB9}.Debug|Any CPU.ActiveCfg = Debug|Any CPU
		{BB5D5E67-5E1E-401C-BA25-B2C928465CB9}.Debug|Any CPU.Build.0 = Debug|Any CPU
		{BB5D5E67-5E1E-401C-BA25-B2C928465CB9}.Release|Any CPU.ActiveCfg = Release|Any CPU
		{BB5D5E67-5E1E-401C-BA25-B2C928465CB9}.Release|Any CPU.Build.0 = Release|Any CPU
	EndGlobalSection
	GlobalSection(SolutionProperties) = preSolution
		HideSolutionNode = FALSE
	EndGlobalSection
	GlobalSection(ExtensibilityGlobals) = postSolution
		SolutionGuid = {623059BB-88EB-42E2-89C8-C3CC5DE847B7}
	EndGlobalSection
EndGlobal
