
Microsoft Visual Studio Solution File, Format Version 12.00
# Visual Studio Version 17
VisualStudioVersion = 17.8.34525.116
MinimumVisualStudioVersion = 10.0.40219.1
Project("{FAE04EC0-301F-11D3-BF4B-00C04F79EFBC}") = "Actividad 11624", "Actividad 11624\Actividad 11624.csproj", "{B7B7ECF8-D549-4F55-AEC3-BDFA77DBAB6A}"
EndProject
Global
	GlobalSection(SolutionConfigurationPlatforms) = preSolution
		Debug|Any CPU = Debug|Any CPU
		Release|Any CPU = Release|Any CPU
	EndGlobalSection
	GlobalSection(ProjectConfigurationPlatforms) = postSolution
		{B7B7ECF8-D549-4F55-AEC3-BDFA77DBAB6A}.Debug|Any CPU.ActiveCfg = Debug|Any CPU
		{B7B7ECF8-D549-4F55-AEC3-BDFA77DBAB6A}.Debug|Any CPU.Build.0 = Debug|Any CPU
		{B7B7ECF8-D549-4F55-AEC3-BDFA77DBAB6A}.Release|Any CPU.ActiveCfg = Release|Any CPU
		{B7B7ECF8-D549-4F55-AEC3-BDFA77DBAB6A}.Release|Any CPU.Build.0 = Release|Any CPU
	EndGlobalSection
	GlobalSection(SolutionProperties) = preSolution
		HideSolutionNode = FALSE
	EndGlobalSection
	GlobalSection(ExtensibilityGlobals) = postSolution
		SolutionGuid = {F99691FB-1B54-4761-81E1-60E4F668A6BD}
	EndGlobalSection
EndGlobal
