
Microsoft Visual Studio Solution File, Format Version 12.00
# Visual Studio Version 17
VisualStudioVersion = 17.8.34525.116
MinimumVisualStudioVersion = 10.0.40219.1
Project("{FAE04EC0-301F-11D3-BF4B-00C04F79EFBC}") = "Acitividad primos", "Acitividad primos\Acitividad primos.csproj", "{913773AC-7D88-4AB5-8AC8-504F107C4408}"
EndProject
Global
	GlobalSection(SolutionConfigurationPlatforms) = preSolution
		Debug|Any CPU = Debug|Any CPU
		Release|Any CPU = Release|Any CPU
	EndGlobalSection
	GlobalSection(ProjectConfigurationPlatforms) = postSolution
		{913773AC-7D88-4AB5-8AC8-504F107C4408}.Debug|Any CPU.ActiveCfg = Debug|Any CPU
		{913773AC-7D88-4AB5-8AC8-504F107C4408}.Debug|Any CPU.Build.0 = Debug|Any CPU
		{913773AC-7D88-4AB5-8AC8-504F107C4408}.Release|Any CPU.ActiveCfg = Release|Any CPU
		{913773AC-7D88-4AB5-8AC8-504F107C4408}.Release|Any CPU.Build.0 = Release|Any CPU
	EndGlobalSection
	GlobalSection(SolutionProperties) = preSolution
		HideSolutionNode = FALSE
	EndGlobalSection
	GlobalSection(ExtensibilityGlobals) = postSolution
		SolutionGuid = {DB649DFE-CE8D-447B-AD58-209AE2F8CAEC}
	EndGlobalSection
EndGlobal
